
Microsoft Visual Studio Solution File, Format Version 12.00
# Visual Studio Version 16
VisualStudioVersion = 16.0.29609.76
MinimumVisualStudioVersion = 10.0.40219.1
Project("{FAE04EC0-301F-11D3-BF4B-00C04F79EFBC}") = "ITD_SyncMonitor", "ITD_SyncMonitor\ITD_SyncMonitor.csproj", "{5AA0C903-D554-4BBE-B0E8-DECC826CC96E}"
EndProject
Global
	GlobalSection(SolutionConfigurationPlatforms) = preSolution
		Debug|Any CPU = Debug|Any CPU
		Release|Any CPU = Release|Any CPU
	EndGlobalSection
	GlobalSection(ProjectConfigurationPlatforms) = postSolution
		{5AA0C903-D554-4BBE-B0E8-DECC826CC96E}.Debug|Any CPU.ActiveCfg = Debug|Any CPU
		{5AA0C903-D554-4BBE-B0E8-DECC826CC96E}.Debug|Any CPU.Build.0 = Debug|Any CPU
		{5AA0C903-D554-4BBE-B0E8-DECC826CC96E}.Release|Any CPU.ActiveCfg = Release|Any CPU
		{5AA0C903-D554-4BBE-B0E8-DECC826CC96E}.Release|Any CPU.Build.0 = Release|Any CPU
	EndGlobalSection
	GlobalSection(SolutionProperties) = preSolution
		HideSolutionNode = FALSE
	EndGlobalSection
	GlobalSection(ExtensibilityGlobals) = postSolution
		SolutionGuid = {FA54DEDA-93C4-4614-9B8B-27DCEB00B5C9}
	EndGlobalSection
EndGlobal
